// !$*UTF8*$!
{
	archiveVersion = 1;
	classes = {
	};
	objectVersion = 46;
	objects = {

/* Begin PBXBuildFile section */
		7D1B5AFB1CD21AC500F46934 /* AppDelegate.swift in Sources */ = {isa = PBXBuildFile; fileRef = 7D1B5AFA1CD21AC500F46934 /* AppDelegate.swift */; };
		7D1B5AFD1CD21AC500F46934 /* ViewController.swift in Sources */ = {isa = PBXBuildFile; fileRef = 7D1B5AFC1CD21AC500F46934 /* ViewController.swift */; };
		7D1B5B001CD21AC500F46934 /* Main.storyboard in Resources */ = {isa = PBXBuildFile; fileRef = 7D1B5AFE1CD21AC500F46934 /* Main.storyboard */; };
		7D1B5B031CD21AC500F46934 /* CorestoreProj.xcdatamodeld in Sources */ = {isa = PBXBuildFile; fileRef = 7D1B5B011CD21AC500F46934 /* CorestoreProj.xcdatamodeld */; };
		7D1B5B051CD21AC500F46934 /* Assets.xcassets in Resources */ = {isa = PBXBuildFile; fileRef = 7D1B5B041CD21AC500F46934 /* Assets.xcassets */; };
		7D1B5B081CD21AC500F46934 /* LaunchScreen.storyboard in Resources */ = {isa = PBXBuildFile; fileRef = 7D1B5B061CD21AC500F46934 /* LaunchScreen.storyboard */; };
		7D1B5B131CD21AC500F46934 /* CorestoreProjTests.swift in Sources */ = {isa = PBXBuildFile; fileRef = 7D1B5B121CD21AC500F46934 /* CorestoreProjTests.swift */; };
		7D1B5B1E1CD21AC500F46934 /* CorestoreProjUITests.swift in Sources */ = {isa = PBXBuildFile; fileRef = 7D1B5B1D1CD21AC500F46934 /* CorestoreProjUITests.swift */; };
/* End PBXBuildFile section */

/* Begin PBXContainerItemProxy section */
		7D1B5B0F1CD21AC500F46934 /* PBXContainerItemProxy */ = {
			isa = PBXContainerItemProxy;
			containerPortal = 7D1B5AEF1CD21AC500F46934 /* Project object */;
			proxyType = 1;
			remoteGlobalIDString = 7D1B5AF61CD21AC500F46934;
			remoteInfo = CorestoreProj;
		};
		7D1B5B1A1CD21AC500F46934 /* PBXContainerItemProxy */ = {
			isa = PBXContainerItemProxy;
			containerPortal = 7D1B5AEF1CD21AC500F46934 /* Project object */;
			proxyType = 1;
			remoteGlobalIDString = 7D1B5AF61CD21AC500F46934;
			remoteInfo = CorestoreProj;
		};
/* End PBXContainerItemProxy section */

/* Begin PBXFileReference section */
		7D1B5AF71CD21AC500F46934 /* CorestoreProj.app */ = {isa = PBXFileReference; explicitFileType = wrapper.application; includeInIndex = 0; path = CorestoreProj.app; sourceTree = BUILT_PRODUCTS_DIR; };
		7D1B5AFA1CD21AC500F46934 /* AppDelegate.swift */ = {isa = PBXFileReference; lastKnownFileType = sourcecode.swift; path = AppDelegate.swift; sourceTree = "<group>"; };
		7D1B5AFC1CD21AC500F46934 /* ViewController.swift */ = {isa = PBXFileReference; lastKnownFileType = sourcecode.swift; path = ViewController.swift; sourceTree = "<group>"; };
		7D1B5AFF1CD21AC500F46934 /* Base */ = {isa = PBXFileReference; lastKnownFileType = file.storyboard; name = Base; path = Base.lproj/Main.storyboard; sourceTree = "<group>"; };
		7D1B5B021CD21AC500F46934 /* CorestoreProj.xcdatamodel */ = {isa = PBXFileReference; lastKnownFileType = wrapper.xcdatamodel; path = CorestoreProj.xcdatamodel; sourceTree = "<group>"; };
		7D1B5B041CD21AC500F46934 /* Assets.xcassets */ = {isa = PBXFileReference; lastKnownFileType = folder.assetcatalog; path = Assets.xcassets; sourceTree = "<group>"; };
		7D1B5B071CD21AC500F46934 /* Base */ = {isa = PBXFileReference; lastKnownFileType = file.storyboard; name = Base; path = Base.lproj/LaunchScreen.storyboard; sourceTree = "<group>"; };
		7D1B5B091CD21AC500F46934 /* Info.plist */ = {isa = PBXFileReference; lastKnownFileType = text.plist.xml; path = Info.plist; sourceTree = "<group>"; };
		7D1B5B0E1CD21AC500F46934 /* CorestoreProjTests.xctest */ = {isa = PBXFileReference; explicitFileType = wrapper.cfbundle; includeInIndex = 0; path = CorestoreProjTests.xctest; sourceTree = BUILT_PRODUCTS_DIR; };
		7D1B5B121CD21AC500F46934 /* CorestoreProjTests.swift */ = {isa = PBXFileReference; lastKnownFileType = sourcecode.swift; path = CorestoreProjTests.swift; sourceTree = "<group>"; };
		7D1B5B141CD21AC500F46934 /* Info.plist */ = {isa = PBXFileReference; lastKnownFileType = text.plist.xml; path = Info.plist; sourceTree = "<group>"; };
		7D1B5B191CD21AC500F46934 /* CorestoreProjUITests.xctest */ = {isa = PBXFileReference; explicitFileType = wrapper.cfbundle; includeInIndex = 0; path = CorestoreProjUITests.xctest; sourceTree = BUILT_PRODUCTS_DIR; };
		7D1B5B1D1CD21AC500F46934 /* CorestoreProjUITests.swift */ = {isa = PBXFileReference; lastKnownFileType = sourcecode.swift; path = CorestoreProjUITests.swift; sourceTree = "<group>"; };
		7D1B5B1F1CD21AC500F46934 /* Info.plist */ = {isa = PBXFileReference; lastKnownFileType = text.plist.xml; path = Info.plist; sourceTree = "<group>"; };
/* End PBXFileReference section */

/* Begin PBXFrameworksBuildPhase section */
		7D1B5AF41CD21AC500F46934 /* Frameworks */ = {
			isa = PBXFrameworksBuildPhase;
			buildActionMask = 2147483647;
			files = (
			);
			runOnlyForDeploymentPostprocessing = 0;
		};
		7D1B5B0B1CD21AC500F46934 /* Frameworks */ = {
			isa = PBXFrameworksBuildPhase;
			buildActionMask = 2147483647;
			files = (
			);
			runOnlyForDeploymentPostprocessing = 0;
		};
		7D1B5B161CD21AC500F46934 /* Frameworks */ = {
			isa = PBXFrameworksBuildPhase;
			buildActionMask = 2147483647;
			files = (
			);
			runOnlyForDeploymentPostprocessing = 0;
		};
/* End PBXFrameworksBuildPhase section */

/* Begin PBXGroup section */
		7D1B5AEE1CD21AC400F46934 = {
			isa = PBXGroup;
			children = (
				7D1B5AF91CD21AC500F46934 /* CorestoreProj */,
				7D1B5B111CD21AC500F46934 /* CorestoreProjTests */,
				7D1B5B1C1CD21AC500F46934 /* CorestoreProjUITests */,
				7D1B5AF81CD21AC500F46934 /* Products */,
			);
			sourceTree = "<group>";
		};
		7D1B5AF81CD21AC500F46934 /* Products */ = {
			isa = PBXGroup;
			children = (
				7D1B5AF71CD21AC500F46934 /* CorestoreProj.app */,
				7D1B5B0E1CD21AC500F46934 /* CorestoreProjTests.xctest */,
				7D1B5B191CD21AC500F46934 /* CorestoreProjUITests.xctest */,
			);
			name = Products;
			sourceTree = "<group>";
		};
		7D1B5AF91CD21AC500F46934 /* CorestoreProj */ = {
			isa = PBXGroup;
			children = (
				7D1B5AFA1CD21AC500F46934 /* AppDelegate.swift */,
				7D1B5AFC1CD21AC500F46934 /* ViewController.swift */,
				7D1B5AFE1CD21AC500F46934 /* Main.storyboard */,
				7D1B5B041CD21AC500F46934 /* Assets.xcassets */,
				7D1B5B061CD21AC500F46934 /* LaunchScreen.storyboard */,
				7D1B5B091CD21AC500F46934 /* Info.plist */,
				7D1B5B011CD21AC500F46934 /* CorestoreProj.xcdatamodeld */,
			);
			path = CorestoreProj;
			sourceTree = "<group>";
		};
		7D1B5B111CD21AC500F46934 /* CorestoreProjTests */ = {
			isa = PBXGroup;
			children = (
				7D1B5B121CD21AC500F46934 /* CorestoreProjTests.swift */,
				7D1B5B141CD21AC500F46934 /* Info.plist */,
			);
			path = CorestoreProjTests;
			sourceTree = "<group>";
		};
		7D1B5B1C1CD21AC500F46934 /* CorestoreProjUITests */ = {
			isa = PBXGroup;
			children = (
				7D1B5B1D1CD21AC500F46934 /* CorestoreProjUITests.swift */,
				7D1B5B1F1CD21AC500F46934 /* Info.plist */,
			);
			path = CorestoreProjUITests;
			sourceTree = "<group>";
		};
/* End PBXGroup section */

/* Begin PBXNativeTarget section */
		7D1B5AF61CD21AC500F46934 /* CorestoreProj */ = {
			isa = PBXNativeTarget;
			buildConfigurationList = 7D1B5B221CD21AC500F46934 /* Build configuration list for PBXNativeTarget "CorestoreProj" */;
			buildPhases = (
				7D1B5AF31CD21AC500F46934 /* Sources */,
				7D1B5AF41CD21AC500F46934 /* Frameworks */,
				7D1B5AF51CD21AC500F46934 /* Resources */,
			);
			buildRules = (
			);
			dependencies = (
			);
			name = CorestoreProj;
			productName = CorestoreProj;
			productReference = 7D1B5AF71CD21AC500F46934 /* CorestoreProj.app */;
			productType = "com.apple.product-type.application";
		};
		7D1B5B0D1CD21AC500F46934 /* CorestoreProjTests */ = {
			isa = PBXNativeTarget;
			buildConfigurationList = 7D1B5B251CD21AC500F46934 /* Build configuration list for PBXNativeTarget "CorestoreProjTests" */;
			buildPhases = (
				7D1B5B0A1CD21AC500F46934 /* Sources */,
				7D1B5B0B1CD21AC500F46934 /* Frameworks */,
				7D1B5B0C1CD21AC500F46934 /* Resources */,
			);
			buildRules = (
			);
			dependencies = (
				7D1B5B101CD21AC500F46934 /* PBXTargetDependency */,
			);
			name = CorestoreProjTests;
			productName = CorestoreProjTests;
			productReference = 7D1B5B0E1CD21AC500F46934 /* CorestoreProjTests.xctest */;
			productType = "com.apple.product-type.bundle.unit-test";
		};
		7D1B5B181CD21AC500F46934 /* CorestoreProjUITests */ = {
			isa = PBXNativeTarget;
			buildConfigurationList = 7D1B5B281CD21AC500F46934 /* Build configuration list for PBXNativeTarget "CorestoreProjUITests" */;
			buildPhases = (
				7D1B5B151CD21AC500F46934 /* Sources */,
				7D1B5B161CD21AC500F46934 /* Frameworks */,
				7D1B5B171CD21AC500F46934 /* Resources */,
			);
			buildRules = (
			);
			dependencies = (
				7D1B5B1B1CD21AC500F46934 /* PBXTargetDependency */,
			);
			name = CorestoreProjUITests;
			productName = CorestoreProjUITests;
			productReference = 7D1B5B191CD21AC500F46934 /* CorestoreProjUITests.xctest */;
			productType = "com.apple.product-type.bundle.ui-testing";
		};
/* End PBXNativeTarget section */

/* Begin PBXProject section */
		7D1B5AEF1CD21AC500F46934 /* Project object */ = {
			isa = PBXProject;
			attributes = {
				LastSwiftUpdateCheck = 0730;
				LastUpgradeCheck = 0730;
				ORGANIZATIONNAME = Administrator;
				TargetAttributes = {
					7D1B5AF61CD21AC500F46934 = {
						CreatedOnToolsVersion = 7.3;
					};
					7D1B5B0D1CD21AC500F46934 = {
						CreatedOnToolsVersion = 7.3;
						TestTargetID = 7D1B5AF61CD21AC500F46934;
					};
					7D1B5B181CD21AC500F46934 = {
						CreatedOnToolsVersion = 7.3;
						TestTargetID = 7D1B5AF61CD21AC500F46934;
					};
				};
			};
			buildConfigurationList = 7D1B5AF21CD21AC500F46934 /* Build configuration list for PBXProject "CorestoreProj" */;
			compatibilityVersion = "Xcode 3.2";
			developmentRegion = English;
			hasScannedForEncodings = 0;
			knownRegions = (
				en,
				Base,
			);
			mainGroup = 7D1B5AEE1CD21AC400F46934;
			productRefGroup = 7D1B5AF81CD21AC500F46934 /* Products */;
			projectDirPath = "";
			projectRoot = "";
			targets = (
				7D1B5AF61CD21AC500F46934 /* CorestoreProj */,
				7D1B5B0D1CD21AC500F46934 /* CorestoreProjTests */,
				7D1B5B181CD21AC500F46934 /* CorestoreProjUITests */,
			);
		};
/* End PBXProject section */

/* Begin PBXResourcesBuildPhase section */
		7D1B5AF51CD21AC500F46934 /* Resources */ = {
			isa = PBXResourcesBuildPhase;
			buildActionMask = 2147483647;
			files = (
				7D1B5B081CD21AC500F46934 /* LaunchScreen.storyboard in Resources */,
				7D1B5B051CD21AC500F46934 /* Assets.xcassets in Resources */,
				7D1B5B001CD21AC500F46934 /* Main.storyboard in Resources */,
			);
			runOnlyForDeploymentPostprocessing = 0;
		};
		7D1B5B0C1CD21AC500F46934 /* Resources */ = {
			isa = PBXResourcesBuildPhase;
			buildActionMask = 2147483647;
			files = (
			);
			runOnlyForDeploymentPostprocessing = 0;
		};
		7D1B5B171CD21AC500F46934 /* Resources */ = {
			isa = PBXResourcesBuildPhase;
			buildActionMask = 2147483647;
			files = (
			);
			runOnlyForDeploymentPostprocessing = 0;
		};
/* End PBXResourcesBuildPhase section */

/* Begin PBXSourcesBuildPhase section */
		7D1B5AF31CD21AC500F46934 /* Sources */ = {
			isa = PBXSourcesBuildPhase;
			buildActionMask = 2147483647;
			files = (
				7D1B5AFD1CD21AC500F46934 /* ViewController.swift in Sources */,
				7D1B5AFB1CD21AC500F46934 /* AppDelegate.swift in Sources */,
				7D1B5B031CD21AC500F46934 /* CorestoreProj.xcdatamodeld in Sources */,
			);
			runOnlyForDeploymentPostprocessing = 0;
		};
		7D1B5B0A1CD21AC500F46934 /* Sources */ = {
			isa = PBXSourcesBuildPhase;
			buildActionMask = 2147483647;
			files = (
				7D1B5B131CD21AC500F46934 /* CorestoreProjTests.swift in Sources */,
			);
			runOnlyForDeploymentPostprocessing = 0;
		};
		7D1B5B151CD21AC500F46934 /* Sources */ = {
			isa = PBXSourcesBuildPhase;
			buildActionMask = 2147483647;
			files = (
				7D1B5B1E1CD21AC500F46934 /* CorestoreProjUITests.swift in Sources */,
			);
			runOnlyForDeploymentPostprocessing = 0;
		};
/* End PBXSourcesBuildPhase section */

/* Begin PBXTargetDependency section */
		7D1B5B101CD21AC500F46934 /* PBXTargetDependency */ = {
			isa = PBXTargetDependency;
			target = 7D1B5AF61CD21AC500F46934 /* CorestoreProj */;
			targetProxy = 7D1B5B0F1CD21AC500F46934 /* PBXContainerItemProxy */;
		};
		7D1B5B1B1CD21AC500F46934 /* PBXTargetDependency */ = {
			isa = PBXTargetDependency;
			target = 7D1B5AF61CD21AC500F46934 /* CorestoreProj */;
			targetProxy = 7D1B5B1A1CD21AC500F46934 /* PBXContainerItemProxy */;
		};
/* End PBXTargetDependency section */

/* Begin PBXVariantGroup section */
		7D1B5AFE1CD21AC500F46934 /* Main.storyboard */ = {
			isa = PBXVariantGroup;
			children = (
				7D1B5AFF1CD21AC500F46934 /* Base */,
			);
			name = Main.storyboard;
			sourceTree = "<group>";
		};
		7D1B5B061CD21AC500F46934 /* LaunchScreen.storyboard */ = {
			isa = PBXVariantGroup;
			children = (
				7D1B5B071CD21AC500F46934 /* Base */,
			);
			name = LaunchScreen.storyboard;
			sourceTree = "<group>";
		};
/* End PBXVariantGroup section */

/* Begin XCBuildConfiguration section */
		7D1B5B201CD21AC500F46934 /* Debug */ = {
			isa = XCBuildConfiguration;
			buildSettings = {
				ALWAYS_SEARCH_USER_PATHS = NO;
				CLANG_ANALYZER_NONNULL = YES;
				CLANG_CXX_LANGUAGE_STANDARD = "gnu++0x";
				CLANG_CXX_LIBRARY = "libc++";
				CLANG_ENABLE_MODULES = YES;
				CLANG_ENABLE_OBJC_ARC = YES;
				CLANG_WARN_BOOL_CONVERSION = YES;
				CLANG_WARN_CONSTANT_CONVERSION = YES;
				CLANG_WARN_DIRECT_OBJC_ISA_USAGE = YES_ERROR;
				CLANG_WARN_EMPTY_BODY = YES;
				CLANG_WARN_ENUM_CONVERSION = YES;
				CLANG_WARN_INT_CONVERSION = YES;
				CLANG_WARN_OBJC_ROOT_CLASS = YES_ERROR;
				CLANG_WARN_UNREACHABLE_CODE = YES;
				CLANG_WARN__DUPLICATE_METHOD_MATCH = YES;
				"CODE_SIGN_IDENTITY[sdk=iphoneos*]" = "iPhone Developer";
				COPY_PHASE_STRIP = NO;
				DEBUG_INFORMATION_FORMAT = dwarf;
				ENABLE_STRICT_OBJC_MSGSEND = YES;
				ENABLE_TESTABILITY = YES;
				GCC_C_LANGUAGE_STANDARD = gnu99;
				GCC_DYNAMIC_NO_PIC = NO;
				GCC_NO_COMMON_BLOCKS = YES;
				GCC_OPTIMIZATION_LEVEL = 0;
				GCC_PREPROCESSOR_DEFINITIONS = (
					"DEBUG=1",
					"$(inherited)",
				);
				GCC_WARN_64_TO_32_BIT_CONVERSION = YES;
				GCC_WARN_ABOUT_RETURN_TYPE = YES_ERROR;
				GCC_WARN_UNDECLARED_SELECTOR = YES;
				GCC_WARN_UNINITIALIZED_AUTOS = YES_AGGRESSIVE;
				GCC_WARN_UNUSED_FUNCTION = YES;
				GCC_WARN_UNUSED_VARIABLE = YES;
				IPHONEOS_DEPLOYMENT_TARGET = 9.3;
				MTL_ENABLE_DEBUG_INFO = YES;
				ONLY_ACTIVE_ARCH = YES;
				SDKROOT = iphoneos;
				SWIFT_OPTIMIZATION_LEVEL = "-Onone";
			};
			name = Debug;
		};
		7D1B5B211CD21AC500F46934 /* Release */ = {
			isa = XCBuildConfiguration;
			buildSettings = {
				ALWAYS_SEARCH_USER_PATHS = NO;
				CLANG_ANALYZER_NONNULL = YES;
				CLANG_CXX_LANGUAGE_STANDARD = "gnu++0x";
				CLANG_CXX_LIBRARY = "libc++";
				CLANG_ENABLE_MODULES = YES;
				CLANG_ENABLE_OBJC_ARC = YES;
				CLANG_WARN_BOOL_CONVERSION = YES;
				CLANG_WARN_CONSTANT_CONVERSION = YES;
				CLANG_WARN_DIRECT_OBJC_ISA_USAGE = YES_ERROR;
				CLANG_WARN_EMPTY_BODY = YES;
				CLANG_WARN_ENUM_CONVERSION = YES;
				CLANG_WARN_INT_CONVERSION = YES;
				CLANG_WARN_OBJC_ROOT_CLASS = YES_ERROR;
				CLANG_WARN_UNREACHABLE_CODE = YES;
				CLANG_WARN__DUPLICATE_METHOD_MATCH = YES;
				"CODE_SIGN_IDENTITY[sdk=iphoneos*]" = "iPhone Developer";
				COPY_PHASE_STRIP = NO;
				DEBUG_INFORMATION_FORMAT = "dwarf-with-dsym";
				ENABLE_NS_ASSERTIONS = NO;
				ENABLE_STRICT_OBJC_MSGSEND = YES;
				GCC_C_LANGUAGE_STANDARD = gnu99;
				GCC_NO_COMMON_BLOCKS = YES;
				GCC_WARN_64_TO_32_BIT_CONVERSION = YES;
				GCC_WARN_ABOUT_RETURN_TYPE = YES_ERROR;
				GCC_WARN_UNDECLARED_SELECTOR = YES;
				GCC_WARN_UNINITIALIZED_AUTOS = YES_AGGRESSIVE;
				GCC_WARN_UNUSED_FUNCTION = YES;
				GCC_WARN_UNUSED_VARIABLE = YES;
				IPHONEOS_DEPLOYMENT_TARGET = 9.3;
				MTL_ENABLE_DEBUG_INFO = NO;
				SDKROOT = iphoneos;
				VALIDATE_PRODUCT = YES;
			};
			name = Release;
		};
		7D1B5B231CD21AC500F46934 /* Debug */ = {
			isa = XCBuildConfiguration;
			buildSettings = {
				ASSETCATALOG_COMPILER_APPICON_NAME = AppIcon;
				INFOPLIST_FILE = CorestoreProj/Info.plist;
				LD_RUNPATH_SEARCH_PATHS = "$(inherited) @executable_path/Frameworks";
				PRODUCT_BUNDLE_IDENTIFIER = test.CorestoreProj;
				PRODUCT_NAME = "$(TARGET_NAME)";
			};
			name = Debug;
		};
		7D1B5B241CD21AC500F46934 /* Release */ = {
			isa = XCBuildConfiguration;
			buildSettings = {
				ASSETCATALOG_COMPILER_APPICON_NAME = AppIcon;
				INFOPLIST_FILE = CorestoreProj/Info.plist;
				LD_RUNPATH_SEARCH_PATHS = "$(inherited) @executable_path/Frameworks";
				PRODUCT_BUNDLE_IDENTIFIER = test.CorestoreProj;
				PRODUCT_NAME = "$(TARGET_NAME)";
			};
			name = Release;
		};
		7D1B5B261CD21AC500F46934 /* Debug */ = {
			isa = XCBuildConfiguration;
			buildSettings = {
				BUNDLE_LOADER = "$(TEST_HOST)";
				INFOPLIST_FILE = CorestoreProjTests/Info.plist;
				LD_RUNPATH_SEARCH_PATHS = "$(inherited) @executable_path/Frameworks @loader_path/Frameworks";
				PRODUCT_BUNDLE_IDENTIFIER = test.CorestoreProjTests;
				PRODUCT_NAME = "$(TARGET_NAME)";
				TEST_HOST = "$(BUILT_PRODUCTS_DIR)/CorestoreProj.app/CorestoreProj";
			};
			name = Debug;
		};
		7D1B5B271CD21AC500F46934 /* Release */ = {
			isa = XCBuildConfiguration;
			buildSettings = {
				BUNDLE_LOADER = "$(TEST_HOST)";
				INFOPLIST_FILE = CorestoreProjTests/Info.plist;
				LD_RUNPATH_SEARCH_PATHS = "$(inherited) @executable_path/Frameworks @loader_path/Frameworks";
				PRODUCT_BUNDLE_IDENTIFIER = test.CorestoreProjTests;
				PRODUCT_NAME = "$(TARGET_NAME)";
				TEST_HOST = "$(BUILT_PRODUCTS_DIR)/CorestoreProj.app/CorestoreProj";
			};
			name = Release;
		};
		7D1B5B291CD21AC500F46934 /* Debug */ = {
			isa = XCBuildConfiguration;
			buildSettings = {
				INFOPLIST_FILE = CorestoreProjUITests/Info.plist;
				LD_RUNPATH_SEARCH_PATHS = "$(inherited) @executable_path/Frameworks @loader_path/Frameworks";
				PRODUCT_BUNDLE_IDENTIFIER = test.CorestoreProjUITests;
				PRODUCT_NAME = "$(TARGET_NAME)";
				TEST_TARGET_NAME = CorestoreProj;
			};
			name = Debug;
		};
		7D1B5B2A1CD21AC500F46934 /* Release */ = {
			isa = XCBuildConfiguration;
			buildSettings = {
				INFOPLIST_FILE = CorestoreProjUITests/Info.plist;
				LD_RUNPATH_SEARCH_PATHS = "$(inherited) @executable_path/Frameworks @loader_path/Frameworks";
				PRODUCT_BUNDLE_IDENTIFIER = test.CorestoreProjUITests;
				PRODUCT_NAME = "$(TARGET_NAME)";
				TEST_TARGET_NAME = CorestoreProj;
			};
			name = Release;
		};
/* End XCBuildConfiguration section */

/* Begin XCConfigurationList section */
		7D1B5AF21CD21AC500F46934 /* Build configuration list for PBXProject "CorestoreProj" */ = {
			isa = XCConfigurationList;
			buildConfigurations = (
				7D1B5B201CD21AC500F46934 /* Debug */,
				7D1B5B211CD21AC500F46934 /* Release */,
			);
			defaultConfigurationIsVisible = 0;
			defaultConfigurationName = Release;
		};
		7D1B5B221CD21AC500F46934 /* Build configuration list for PBXNativeTarget "CorestoreProj" */ = {
			isa = XCConfigurationList;
			buildConfigurations = (
				7D1B5B231CD21AC500F46934 /* Debug */,
				7D1B5B241CD21AC500F46934 /* Release */,
			);
			defaultConfigurationIsVisible = 0;
		};
		7D1B5B251CD21AC500F46934 /* Build configuration list for PBXNativeTarget "CorestoreProjTests" */ = {
			isa = XCConfigurationList;
			buildConfigurations = (
				7D1B5B261CD21AC500F46934 /* Debug */,
				7D1B5B271CD21AC500F46934 /* Release */,
			);
			defaultConfigurationIsVisible = 0;
		};
		7D1B5B281CD21AC500F46934 /* Build configuration list for PBXNativeTarget "CorestoreProjUITests" */ = {
			isa = XCConfigurationList;
			buildConfigurations = (
				7D1B5B291CD21AC500F46934 /* Debug */,
				7D1B5B2A1CD21AC500F46934 /* Release */,
			);
			defaultConfigurationIsVisible = 0;
		};
/* End XCConfigurationList section */

/* Begin XCVersionGroup section */
		7D1B5B011CD21AC500F46934 /* CorestoreProj.xcdatamodeld */ = {
			isa = XCVersionGroup;
			children = (
				7D1B5B021CD21AC500F46934 /* CorestoreProj.xcdatamodel */,
			);
			currentVersion = 7D1B5B021CD21AC500F46934 /* CorestoreProj.xcdatamodel */;
			path = CorestoreProj.xcdatamodeld;
			sourceTree = "<group>";
			versionGroupType = wrapper.xcdatamodel;
		};
/* End XCVersionGroup section */
	};
	rootObject = 7D1B5AEF1CD21AC500F46934 /* Project object */;
}
